
Microsoft Visual Studio Solution File, Format Version 12.00
# Visual Studio Version 16
VisualStudioVersion = 16.0.29025.244
MinimumVisualStudioVersion = 10.0.40219.1
Project("{FAE04EC0-301F-11D3-BF4B-00C04F79EFBC}") = "CoinPayments.NetCore", "CoinPayments.NetCore\CoinPayments.NetCore.csproj", "{6A708BCF-242F-4E23-915A-232EEB492621}"
EndProject
Project("{FAE04EC0-301F-11D3-BF4B-00C04F79EFBC}") = "CoinPayments.NetCore.Test", "CoinPayments.NetCore.Test\CoinPayments.NetCore.Test.csproj", "{C48AFC65-0921-44BB-A25F-16B0747ACC0A}"
EndProject
Global
	GlobalSection(SolutionConfigurationPlatforms) = preSolution
		Debug|Any CPU = Debug|Any CPU
		Release|Any CPU = Release|Any CPU
	EndGlobalSection
	GlobalSection(ProjectConfigurationPlatforms) = postSolution
		{6A708BCF-242F-4E23-915A-232EEB492621}.Debug|Any CPU.ActiveCfg = Debug|Any CPU
		{6A708BCF-242F-4E23-915A-232EEB492621}.Debug|Any CPU.Build.0 = Debug|Any CPU
		{6A708BCF-242F-4E23-915A-232EEB492621}.Release|Any CPU.ActiveCfg = Release|Any CPU
		{6A708BCF-242F-4E23-915A-232EEB492621}.Release|Any CPU.Build.0 = Release|Any CPU
		{C48AFC65-0921-44BB-A25F-16B0747ACC0A}.Debug|Any CPU.ActiveCfg = Debug|Any CPU
		{C48AFC65-0921-44BB-A25F-16B0747ACC0A}.Debug|Any CPU.Build.0 = Debug|Any CPU
		{C48AFC65-0921-44BB-A25F-16B0747ACC0A}.Release|Any CPU.ActiveCfg = Release|Any CPU
		{C48AFC65-0921-44BB-A25F-16B0747ACC0A}.Release|Any CPU.Build.0 = Release|Any CPU
	EndGlobalSection
	GlobalSection(SolutionProperties) = preSolution
		HideSolutionNode = FALSE
	EndGlobalSection
	GlobalSection(ExtensibilityGlobals) = postSolution
		SolutionGuid = {2F8ED968-8A60-4223-81B4-CC3D3E1081CF}
	EndGlobalSection
EndGlobal
